
Microsoft Visual Studio Solution File, Format Version 12.00
# Visual Studio Version 17
VisualStudioVersion = 17.2.32616.157
MinimumVisualStudioVersion = 10.0.40219.1
Project("{FAE04EC0-301F-11D3-BF4B-00C04F79EFBC}") = "WebAPI", "WebAPI.csproj", "{6E5D8F64-BB8F-4C19-9152-D671E55DE887}"
EndProject
Global
	GlobalSection(SolutionConfigurationPlatforms) = preSolution
		Debug|Any CPU = Debug|Any CPU
		Release|Any CPU = Release|Any CPU
	EndGlobalSection
	GlobalSection(ProjectConfigurationPlatforms) = postSolution
		{6E5D8F64-BB8F-4C19-9152-D671E55DE887}.Debug|Any CPU.ActiveCfg = Debug|Any CPU
		{6E5D8F64-BB8F-4C19-9152-D671E55DE887}.Debug|Any CPU.Build.0 = Debug|Any CPU
		{6E5D8F64-BB8F-4C19-9152-D671E55DE887}.Release|Any CPU.ActiveCfg = Release|Any CPU
		{6E5D8F64-BB8F-4C19-9152-D671E55DE887}.Release|Any CPU.Build.0 = Release|Any CPU
	EndGlobalSection
	GlobalSection(SolutionProperties) = preSolution
		HideSolutionNode = FALSE
	EndGlobalSection
	GlobalSection(ExtensibilityGlobals) = postSolution
		SolutionGuid = {56F05EE6-F060-43FC-8D02-86C939086DDB}
	EndGlobalSection
EndGlobal
