
Microsoft Visual Studio Solution File, Format Version 12.00
# Visual Studio Version 17
VisualStudioVersion = 17.2.32616.157
MinimumVisualStudioVersion = 10.0.40219.1
Project("{FAE04EC0-301F-11D3-BF4B-00C04F79EFBC}") = "array", "array\array.csproj", "{CBAAA639-4D9B-4103-BB21-061558388AAE}"
EndProject
Global
	GlobalSection(SolutionConfigurationPlatforms) = preSolution
		Debug|Any CPU = Debug|Any CPU
		Release|Any CPU = Release|Any CPU
	EndGlobalSection
	GlobalSection(ProjectConfigurationPlatforms) = postSolution
		{CBAAA639-4D9B-4103-BB21-061558388AAE}.Debug|Any CPU.ActiveCfg = Debug|Any CPU
		{CBAAA639-4D9B-4103-BB21-061558388AAE}.Debug|Any CPU.Build.0 = Debug|Any CPU
		{CBAAA639-4D9B-4103-BB21-061558388AAE}.Release|Any CPU.ActiveCfg = Release|Any CPU
		{CBAAA639-4D9B-4103-BB21-061558388AAE}.Release|Any CPU.Build.0 = Release|Any CPU
	EndGlobalSection
	GlobalSection(SolutionProperties) = preSolution
		HideSolutionNode = FALSE
	EndGlobalSection
	GlobalSection(ExtensibilityGlobals) = postSolution
		SolutionGuid = {5613C023-A804-4656-BB70-C776257CB6A4}
	EndGlobalSection
EndGlobal
