
Microsoft Visual Studio Solution File, Format Version 12.00
# Visual Studio Version 16
VisualStudioVersion = 16.0.32630.194
MinimumVisualStudioVersion = 10.0.40219.1
Project("{FAE04EC0-301F-11D3-BF4B-00C04F79EFBC}") = "WebApplication5", "WebApplication5\WebApplication5.csproj", "{B78F88D4-7A14-459E-94EB-D1814F77F5CC}"
EndProject
Global
	GlobalSection(SolutionConfigurationPlatforms) = preSolution
		Debug|Any CPU = Debug|Any CPU
		Release|Any CPU = Release|Any CPU
	EndGlobalSection
	GlobalSection(ProjectConfigurationPlatforms) = postSolution
		{B78F88D4-7A14-459E-94EB-D1814F77F5CC}.Debug|Any CPU.ActiveCfg = Debug|Any CPU
		{B78F88D4-7A14-459E-94EB-D1814F77F5CC}.Debug|Any CPU.Build.0 = Debug|Any CPU
		{B78F88D4-7A14-459E-94EB-D1814F77F5CC}.Release|Any CPU.ActiveCfg = Release|Any CPU
		{B78F88D4-7A14-459E-94EB-D1814F77F5CC}.Release|Any CPU.Build.0 = Release|Any CPU
	EndGlobalSection
	GlobalSection(SolutionProperties) = preSolution
		HideSolutionNode = FALSE
	EndGlobalSection
	GlobalSection(ExtensibilityGlobals) = postSolution
		SolutionGuid = {11C50945-30EB-49FE-8F55-B6104C004F09}
	EndGlobalSection
EndGlobal
