
Microsoft Visual Studio Solution File, Format Version 12.00
# Visual Studio Version 17
VisualStudioVersion = 17.2.32616.157
MinimumVisualStudioVersion = 10.0.40219.1
Project("{FAE04EC0-301F-11D3-BF4B-00C04F79EFBC}") = "Switch Week Day", "Switch Week Day\Switch Week Day.csproj", "{6F97F436-FD39-4FA2-8CCC-1EA11A811767}"
EndProject
Global
	GlobalSection(SolutionConfigurationPlatforms) = preSolution
		Debug|Any CPU = Debug|Any CPU
		Release|Any CPU = Release|Any CPU
	EndGlobalSection
	GlobalSection(ProjectConfigurationPlatforms) = postSolution
		{6F97F436-FD39-4FA2-8CCC-1EA11A811767}.Debug|Any CPU.ActiveCfg = Debug|Any CPU
		{6F97F436-FD39-4FA2-8CCC-1EA11A811767}.Debug|Any CPU.Build.0 = Debug|Any CPU
		{6F97F436-FD39-4FA2-8CCC-1EA11A811767}.Release|Any CPU.ActiveCfg = Release|Any CPU
		{6F97F436-FD39-4FA2-8CCC-1EA11A811767}.Release|Any CPU.Build.0 = Release|Any CPU
	EndGlobalSection
	GlobalSection(SolutionProperties) = preSolution
		HideSolutionNode = FALSE
	EndGlobalSection
	GlobalSection(ExtensibilityGlobals) = postSolution
		SolutionGuid = {4C14B6E7-F7C3-4261-A8BC-FC83539BB2AD}
	EndGlobalSection
EndGlobal
