
Microsoft Visual Studio Solution File, Format Version 12.00
# Visual Studio Version 16
VisualStudioVersion = 16.0.32630.194
MinimumVisualStudioVersion = 10.0.40219.1
Project("{FAE04EC0-301F-11D3-BF4B-00C04F79EFBC}") = "Apiconnection", "Apiconnection\Apiconnection.csproj", "{7ECE9560-AEFC-4460-8F98-0A1F962BBDF8}"
EndProject
Global
	GlobalSection(SolutionConfigurationPlatforms) = preSolution
		Debug|Any CPU = Debug|Any CPU
		Release|Any CPU = Release|Any CPU
	EndGlobalSection
	GlobalSection(ProjectConfigurationPlatforms) = postSolution
		{7ECE9560-AEFC-4460-8F98-0A1F962BBDF8}.Debug|Any CPU.ActiveCfg = Debug|Any CPU
		{7ECE9560-AEFC-4460-8F98-0A1F962BBDF8}.Debug|Any CPU.Build.0 = Debug|Any CPU
		{7ECE9560-AEFC-4460-8F98-0A1F962BBDF8}.Release|Any CPU.ActiveCfg = Release|Any CPU
		{7ECE9560-AEFC-4460-8F98-0A1F962BBDF8}.Release|Any CPU.Build.0 = Release|Any CPU
	EndGlobalSection
	GlobalSection(SolutionProperties) = preSolution
		HideSolutionNode = FALSE
	EndGlobalSection
	GlobalSection(ExtensibilityGlobals) = postSolution
		SolutionGuid = {4B12BDE5-693D-4113-811C-152EF0D6D882}
	EndGlobalSection
EndGlobal
